{
  "version": 4,
  "terraform_version": "1.14.4",
  "serial": 6,
  "lineage": "",
  "outputs": {},
  "resources": [
    {
      "mode": "managed",
      "type": "solacebroker_msg_vpn",
      "name": "sandbox-vpn",
      "provider": "provider[\"registry.terraform.io/solaceproducts/solacebroker\"]",
      "instances": [
        {
          "schema_version": 1,
          "attributes": {
            "alias": null,
            "authentication_basic_enabled": null,
            "authentication_basic_profile_name": null,
            "authentication_basic_radius_domain": null,
            "authentication_basic_type": "internal",
            "authentication_client_cert_allow_api_provided_username_enabled": null,
            "authentication_client_cert_certificate_matching_rules_enabled": null,
            "authentication_client_cert_enabled": null,
            "authentication_client_cert_max_chain_depth": 8,
            "authentication_client_cert_revocation_check_mode": null,
            "authentication_client_cert_username_source": null,
            "authentication_client_cert_validate_date_enabled": false,
            "authentication_kerberos_allow_api_provided_username_enabled": null,
            "authentication_kerberos_enabled": null,
            "authentication_oauth_default_profile_name": null,
            "authentication_oauth_enabled": null,
            "authorization_ldap_group_membership_attribute_name": null,
            "authorization_ldap_trim_client_username_domain_enabled": null,
            "authorization_profile_name": null,
            "authorization_type": null,
            "bridging_tls_server_cert_max_chain_depth": null,
            "bridging_tls_server_cert_validate_date_enabled": null,
            "bridging_tls_server_cert_validate_name_enabled": null,
            "dmr_enabled": true,
            "enabled": true,
            "event_connection_count_threshold": {
              "clear_percent": 60,
              "clear_value": null,
              "set_percent": 80,
              "set_value": null
            },
            "event_egress_flow_count_threshold": {
              "clear_percent": 60,
              "clear_value": null,
              "set_percent": 80,
              "set_value": null
            },
            "event_egress_msg_rate_threshold": {
              "clear_value": 3000000,
              "set_value": 4000000
            },
            "event_endpoint_count_threshold": {
              "clear_percent": 60,
              "clear_value": null,
              "set_percent": 80,
              "set_value": null
            },
            "event_ingress_flow_count_threshold": {
              "clear_percent": 60,
              "clear_value": null,
              "set_percent": 80,
              "set_value": null
            },
            "event_ingress_msg_rate_threshold": {
              "clear_value": 3000000,
              "set_value": 4000000
            },
            "event_large_msg_threshold": 11,
            "event_log_tag": "tag",
            "event_msg_spool_usage_threshold": {
              "clear_percent": 60,
              "clear_value": null,
              "set_percent": 80,
              "set_value": null
            },
            "event_publish_client_enabled": null,
            "event_publish_msg_vpn_enabled": null,
            "event_publish_subscription_mode": null,
            "event_publish_topic_format_mqtt_enabled": null,
            "event_publish_topic_format_smf_enabled": null,
            "event_service_amqp_connection_count_threshold": {
              "clear_percent": 60,
              "clear_value": null,
              "set_percent": 80,
              "set_value": null
            },
            "event_service_mqtt_connection_count_threshold": {
              "clear_percent": 60,
              "clear_value": null,
              "set_percent": 80,
              "set_value": null
            },
            "event_service_rest_incoming_connection_count_threshold": {
              "clear_percent": 60,
              "clear_value": null,
              "set_percent": 80,
              "set_value": null
            },
            "event_service_smf_connection_count_threshold": {
              "clear_percent": 60,
              "clear_value": null,
              "set_percent": 80,
              "set_value": null
            },
            "event_service_web_connection_count_threshold": {
              "clear_percent": 60,
              "clear_value": null,
              "set_percent": 80,
              "set_value": null
            },
            "event_subscription_count_threshold": {
              "clear_percent": 60,
              "clear_value": null,
              "set_percent": 80,
              "set_value": null
            },
            "event_transacted_session_count_threshold": {
              "clear_percent": 60,
              "clear_value": null,
              "set_percent": 80,
              "set_value": null
            },
            "event_transaction_count_threshold": {
              "clear_percent": 60,
              "clear_value": null,
              "set_percent": 80,
              "set_value": null
            },
            "export_subscriptions_enabled": null,
            "jndi_enabled": false,
            "max_connection_count": 250,
            "max_egress_flow_count": 250,
            "max_endpoint_count": 250,
            "max_ingress_flow_count": 250,
            "max_kafka_broker_connection_count": 300,
            "max_msg_spool_usage": 50000,
            "max_subscription_count": 50000,
            "max_transacted_session_count": 500,
            "max_transaction_count": 2500,
            "mqtt_retain_max_memory": null,
            "msg_vpn_name": "sandbox",
            "replication_ack_propagation_interval_msg_count": null,
            "replication_bridge_authentication_basic_client_username": null,
            "replication_bridge_authentication_basic_password": null,
            "replication_bridge_authentication_client_cert_content": null,
            "replication_bridge_authentication_client_cert_password": null,
            "replication_bridge_authentication_scheme": null,
            "replication_bridge_compressed_data_enabled": null,
            "replication_bridge_egress_flow_window_size": null,
            "replication_bridge_retry_delay": null,
            "replication_bridge_tls_enabled": null,
            "replication_bridge_unidirectional_client_profile_name": null,
            "replication_enabled": null,
            "replication_enabled_queue_behavior": null,
            "replication_queue_max_msg_spool_usage": null,
            "replication_queue_reject_msg_to_sender_on_discard_enabled": null,
            "replication_reject_msg_when_sync_ineligible_enabled": null,
            "replication_role": null,
            "replication_transaction_mode": null,
            "rest_tls_server_cert_max_chain_depth": 8,
            "rest_tls_server_cert_validate_date_enabled": null,
            "rest_tls_server_cert_validate_name_enabled": null,
            "semp_over_msg_bus_admin_client_enabled": null,
            "semp_over_msg_bus_admin_distributed_cache_enabled": null,
            "semp_over_msg_bus_admin_enabled": null,
            "semp_over_msg_bus_enabled": null,
            "semp_over_msg_bus_show_enabled": null,
            "service_amqp_max_connection_count": 250,
            "service_amqp_plain_text_enabled": null,
            "service_amqp_plain_text_listen_port": 5672,
            "service_amqp_tls_enabled": true,
            "service_amqp_tls_listen_port": 5671,
            "service_mqtt_authentication_client_cert_request": null,
            "service_mqtt_max_connection_count": 1000,
            "service_mqtt_plain_text_enabled": null,
            "service_mqtt_plain_text_listen_port": 1883,
            "service_mqtt_tls_enabled": true,
            "service_mqtt_tls_listen_port": 8883,
            "service_mqtt_tls_web_socket_enabled": true,
            "service_mqtt_tls_web_socket_listen_port": 8443,
            "service_mqtt_web_socket_enabled": null,
            "service_mqtt_web_socket_listen_port": 8000,
            "service_rest_incoming_authentication_client_cert_request": null,
            "service_rest_incoming_authorization_header_handling": null,
            "service_rest_incoming_max_connection_count": 1000,
            "service_rest_incoming_plain_text_enabled": null,
            "service_rest_incoming_plain_text_listen_port": 9000,
            "service_rest_incoming_tls_enabled": true,
            "service_rest_incoming_tls_listen_port": 9443,
            "service_rest_mode": null,
            "service_rest_outgoing_max_connection_count": 1000,
            "service_smf_max_connection_count": 250,
            "service_smf_plain_text_enabled": false,
            "service_smf_tls_enabled": null,
            "service_web_authentication_client_cert_request": null,
            "service_web_max_connection_count": 1000,
            "service_web_plain_text_enabled": false,
            "service_web_tls_enabled": null,
            "tls_allow_downgrade_to_plain_text_enabled": null
          },
          "sensitive_attributes": [
            [
              {
                "type": "get_attr",
                "value": "replication_bridge_authentication_basic_password"
              }
            ],
            [
              {
                "type": "get_attr",
                "value": "replication_bridge_authentication_client_cert_content"
              }
            ],
            [
              {
                "type": "get_attr",
                "value": "replication_bridge_authentication_client_cert_password"
              }
            ],
            [
              {
                "type": "get_attr",
                "value": "replication_enabled_queue_behavior"
              }
            ]
          ],
          "identity_schema_version": 0,
          "private": "eyJkZWZhdWx0cyI6ImV5SmhkWFJvWlc1MGFXTmhkR2x2YmtKaGMybGpVSEp2Wm1sc1pVNWhiV1VpT2lJaWZRPT0ifQ=="
        }
      ]
    },
    {
      "mode": "managed",
      "type": "solacebroker_msg_vpn_acl_profile",
      "name": "sandbox-vpn_sdkperf_dmq_acl",
      "provider": "provider[\"registry.terraform.io/solaceproducts/solacebroker\"]",
      "instances": [
        {
          "schema_version": 1,
          "attributes": {
            "acl_profile_name": "sdkperf_dmq_acl",
            "client_connect_default_action": "allow",
            "msg_vpn_name": "sandbox",
            "publish_topic_default_action": "allow",
            "subscribe_share_name_default_action": null,
            "subscribe_topic_default_action": "allow"
          },
          "sensitive_attributes": [],
          "identity_schema_version": 0,
          "private": "eyJkZWZhdWx0cyI6ImUzMD0ifQ==",
          "dependencies": [
            "solacebroker_msg_vpn.sandbox-vpn"
          ]
        }
      ]
    },
    {
      "mode": "managed",
      "type": "solacebroker_msg_vpn_client_profile",
      "name": "sandbox-vpn_sdkperf_dmq_cp",
      "provider": "provider[\"registry.terraform.io/solaceproducts/solacebroker\"]",
      "instances": [
        {
          "schema_version": 1,
          "attributes": {
            "allow_bridge_connections_enabled": null,
            "allow_guaranteed_endpoint_create_durability": null,
            "allow_guaranteed_endpoint_create_enabled": null,
            "allow_guaranteed_msg_receive_enabled": true,
            "allow_guaranteed_msg_send_enabled": true,
            "allow_shared_subscriptions_enabled": null,
            "allow_transacted_sessions_enabled": null,
            "api_queue_management_copy_from_on_create_template_name": null,
            "api_topic_endpoint_management_copy_from_on_create_template_name": null,
            "client_profile_name": "sdkperf_cp",
            "compression_enabled": null,
            "eliding_delay": null,
            "eliding_enabled": null,
            "eliding_max_topic_count": null,
            "event_client_provisioned_endpoint_spool_usage_threshold": {
              "clear_percent": 18,
              "set_percent": 25
            },
            "event_connection_count_per_client_username_threshold": {
              "clear_percent": 60,
              "clear_value": null,
              "set_percent": 80,
              "set_value": null
            },
            "event_egress_flow_count_threshold": {
              "clear_percent": 60,
              "clear_value": null,
              "set_percent": 80,
              "set_value": null
            },
            "event_endpoint_count_per_client_username_threshold": {
              "clear_percent": 60,
              "clear_value": null,
              "set_percent": 80,
              "set_value": null
            },
            "event_ingress_flow_count_threshold": {
              "clear_percent": 60,
              "clear_value": null,
              "set_percent": 80,
              "set_value": null
            },
            "event_service_smf_connection_count_per_client_username_threshold": {
              "clear_percent": 60,
              "clear_value": null,
              "set_percent": 80,
              "set_value": null
            },
            "event_service_web_connection_count_per_client_username_threshold": {
              "clear_percent": 60,
              "clear_value": null,
              "set_percent": 80,
              "set_value": null
            },
            "event_subscription_count_threshold": {
              "clear_percent": 60,
              "clear_value": null,
              "set_percent": 80,
              "set_value": null
            },
            "event_transacted_session_count_threshold": {
              "clear_percent": 60,
              "clear_value": null,
              "set_percent": 80,
              "set_value": null
            },
            "event_transaction_count_threshold": {
              "clear_percent": 60,
              "clear_value": null,
              "set_percent": 80,
              "set_value": null
            },
            "max_connection_count_per_client_username": 1000,
            "max_egress_flow_count": null,
            "max_endpoint_count_per_client_username": null,
            "max_ingress_flow_count": null,
            "max_msgs_per_transaction": null,
            "max_subscription_count": 500000,
            "max_transacted_session_count": null,
            "max_transaction_count": 5000,
            "msg_vpn_name": "sandbox",
            "queue_control1_max_depth": null,
            "queue_control1_min_msg_burst": null,
            "queue_direct1_max_depth": null,
            "queue_direct1_min_msg_burst": null,
            "queue_direct2_max_depth": null,
            "queue_direct2_min_msg_burst": null,
            "queue_direct3_max_depth": null,
            "queue_direct3_min_msg_burst": null,
            "queue_guaranteed1_max_depth": null,
            "queue_guaranteed1_min_msg_burst": null,
            "reject_msg_to_sender_on_no_subscription_match_enabled": null,
            "replication_allow_client_connect_when_standby_enabled": null,
            "service_min_keepalive_timeout": null,
            "service_smf_max_connection_count_per_client_username": 1000,
            "service_smf_min_keepalive_enabled": null,
            "service_web_inactive_timeout": null,
            "service_web_max_connection_count_per_client_username": 1000,
            "service_web_max_payload": null,
            "tcp_congestion_window_size": null,
            "tcp_keepalive_count": null,
            "tcp_keepalive_idle_time": null,
            "tcp_keepalive_interval": null,
            "tcp_max_segment_size": null,
            "tcp_max_window_size": null,
            "tls_allow_downgrade_to_plain_text_enabled": null
          },
          "sensitive_attributes": [],
          "identity_schema_version": 0,
          "private": "eyJkZWZhdWx0cyI6ImUzMD0ifQ==",
          "dependencies": [
            "solacebroker_msg_vpn.sandbox-vpn"
          ]
        }
      ]
    },
    {
      "mode": "managed",
      "type": "solacebroker_msg_vpn_client_username",
      "name": "sandbox-vpn_sdkperf_dmq",
      "provider": "provider[\"registry.terraform.io/solaceproducts/solacebroker\"]",
      "instances": [
        {
          "schema_version": 1,
          "attributes": {
            "acl_profile_name": "sdkperf_dmq_acl",
            "client_profile_name": "sdkperf_cp",
            "client_username": "sdkperf_dmq",
            "enabled": true,
            "guaranteed_endpoint_permission_override_enabled": true,
            "msg_vpn_name": "sandbox",
            "password": "password",
            "subscription_manager_enabled": null
          },
          "sensitive_attributes": [
            [
              {
                "type": "get_attr",
                "value": "password"
              }
            ]
          ],
          "identity_schema_version": 0,
          "private": "eyJkZWZhdWx0cyI6ImUzMD0ifQ==",
          "dependencies": [
            "solacebroker_msg_vpn.sandbox-vpn",
            "solacebroker_msg_vpn_acl_profile.sandbox-vpn_sdkperf_dmq_acl",
            "solacebroker_msg_vpn_client_profile.sandbox-vpn_sdkperf_dmq_cp"
          ]
        }
      ]
    },
    {
      "mode": "managed",
      "type": "solacebroker_msg_vpn_client_username",
      "name": "sandbox-vpn_sdkperf_dmq_2",
      "provider": "provider[\"registry.terraform.io/solaceproducts/solacebroker\"]",
      "instances": [
        {
          "schema_version": 1,
          "attributes": {
            "acl_profile_name": "sdkperf_dmq_acl",
            "client_profile_name": "sdkperf_cp",
            "client_username": "sdkperf_dmq_2",
            "enabled": true,
            "guaranteed_endpoint_permission_override_enabled": true,
            "msg_vpn_name": "sandbox",
            "password": "password",
            "subscription_manager_enabled": null
          },
          "sensitive_attributes": [
            [
              {
                "type": "get_attr",
                "value": "password"
              }
            ]
          ],
          "identity_schema_version": 0,
          "private": "eyJkZWZhdWx0cyI6ImUzMD0ifQ==",
          "dependencies": [
            "solacebroker_msg_vpn.sandbox-vpn",
            "solacebroker_msg_vpn_acl_profile.sandbox-vpn_sdkperf_dmq_acl",
            "solacebroker_msg_vpn_client_profile.sandbox-vpn_sdkperf_dmq_cp"
          ]
        }
      ]
    }
  ],
  "check_results": null
}
